github.com/chipzoller/hugo-clarity v0.0.0-20201224151628-e773eb110b41 h1:W/Y6WC4pnULAda7sbGxQvYeCeREt+zi3JBKx0tBquGo=
github.com/chipzoller/hugo-clarity v0.0.0-20201224151628-e773eb110b41/go.mod h1:v1JkaKdcLRibyUCalLP2CNeFo6FGzfd4ipEr4dK0+Zg=
github.com/chipzoller/hugo-clarity v0.0.0-20220426154510-3fcb1db2eadd h1:X6ZPz5tCf3opsX3+wl6xEquN3rSkTCQIsSumtB0FWRc=
github.com/chipzoller/hugo-clarity v0.0.0-20220426154510-3fcb1db2eadd/go.mod h1:v1JkaKdcLRibyUCalLP2CNeFo6FGzfd4ipEr4dK0+Zg=
